dependencies:
- name: common
  repository: https://charts.bitnami.com/bitnami
  version: 1.17.1
- name: mongodb
  repository: https://charts.bitnami.com/bitnami
  version: 12.1.31
- name: open5gs-amf
  repository: file://../open5gs-amf
  version: 2.0.9
- name: open5gs-ausf
  repository: file://../open5gs-ausf
  version: 2.0.4
- name: open5gs-bsf
  repository: file://../open5gs-bsf
  version: 2.0.4
- name: open5gs-hss
  repository: file://../open5gs-hss
  version: 2.0.4
- name: open5gs-mme
  repository: file://../open5gs-mme
  version: 2.0.5
- name: open5gs-nrf
  repository: file://../open5gs-nrf
  version: 2.0.3
- name: open5gs-nssf
  repository: file://../open5gs-nssf
  version: 2.0.4
- name: open5gs-pcf
  repository: file://../open5gs-pcf
  version: 2.0.4
- name: open5gs-pcrf
  repository: file://../open5gs-pcrf
  version: 2.0.4
- name: open5gs-sgwc
  repository: file://../open5gs-sgwc
  version: 2.0.4
- name: open5gs-sgwu
  repository: file://../open5gs-sgwu
  version: 2.0.5
- name: open5gs-smf
  repository: file://../open5gs-smf
  version: 2.0.6
- name: open5gs-udm
  repository: file://../open5gs-udm
  version: 2.0.4
- name: open5gs-udr
  repository: file://../open5gs-udr
  version: 2.0.4
- name: open5gs-upf
  repository: file://../open5gs-upf
  version: 2.0.6
- name: open5gs-webui
  repository: file://../open5gs-webui
  version: 2.0.3
digest: sha256:f2cadde0a99eb586282a86f166dcd76cf8501d1649f0949a146612eec0c456fa
generated: "2022-10-10T11:07:54.774487339Z"
